
Microsoft Visual Studio Solution File, Format Version 12.00
# Visual Studio 14
VisualStudioVersion = 14.0.25123.0
MinimumVisualStudioVersion = 10.0.40219.1
Project("{8BC9CEB8-8B4A-11D0-8D11-00A0C91BC942}") = "lilium", "lilium\lilium.vcxproj", "{5A1F3802-A36C-4598-9505-9CB267078AE1}"
EndProject
Project("{8BC9CEB8-8B4A-11D0-8D11-00A0C91BC942}") = "mockdata", "mockdata\mockdata.vcxproj", "{B0EE61B6-5563-4B71-B59D-BA6C0A0CF7A5}"
EndProject
Project("{8BC9CEB8-8B4A-11D0-8D11-00A0C91BC942}") = "codegen", "codegen\codegen.vcxproj", "{1B9A6E33-7801-4D7C-97D1-0D18EE6DD5BF}"
EndProject
Project("{2150E333-8FDC-42A3-9474-1A3956D46DE8}") = "Solution Items", "Solution Items", "{2CA0DE17-D8FE-431F-9A15-3FAC7817958A}"
	ProjectSection(SolutionItems) = preProject
		Performance1.psess = Performance1.psess
	EndProjectSection
EndProject
Global
	GlobalSection(Performance) = preSolution
		HasPerformanceSessions = true
	EndGlobalSection
	GlobalSection(SolutionConfigurationPlatforms) = preSolution
		Debug|x64 = Debug|x64
		Debug|x86 = Debug|x86
		Release|x64 = Release|x64
		Release|x86 = Release|x86
	EndGlobalSection
	GlobalSection(ProjectConfigurationPlatforms) = postSolution
		{5A1F3802-A36C-4598-9505-9CB267078AE1}.Debug|x64.ActiveCfg = Debug|x64
		{5A1F3802-A36C-4598-9505-9CB267078AE1}.Debug|x64.Build.0 = Debug|x64
		{5A1F3802-A36C-4598-9505-9CB267078AE1}.Debug|x86.ActiveCfg = Debug|Win32
		{5A1F3802-A36C-4598-9505-9CB267078AE1}.Debug|x86.Build.0 = Debug|Win32
		{5A1F3802-A36C-4598-9505-9CB267078AE1}.Release|x64.ActiveCfg = Release|x64
		{5A1F3802-A36C-4598-9505-9CB267078AE1}.Release|x64.Build.0 = Release|x64
		{5A1F3802-A36C-4598-9505-9CB267078AE1}.Release|x86.ActiveCfg = Release|Win32
		{5A1F3802-A36C-4598-9505-9CB267078AE1}.Release|x86.Build.0 = Release|Win32
		{B0EE61B6-5563-4B71-B59D-BA6C0A0CF7A5}.Debug|x64.ActiveCfg = Debug|x64
		{B0EE61B6-5563-4B71-B59D-BA6C0A0CF7A5}.Debug|x64.Build.0 = Debug|x64
		{B0EE61B6-5563-4B71-B59D-BA6C0A0CF7A5}.Debug|x86.ActiveCfg = Debug|Win32
		{B0EE61B6-5563-4B71-B59D-BA6C0A0CF7A5}.Debug|x86.Build.0 = Debug|Win32
		{B0EE61B6-5563-4B71-B59D-BA6C0A0CF7A5}.Release|x64.ActiveCfg = Release|x64
		{B0EE61B6-5563-4B71-B59D-BA6C0A0CF7A5}.Release|x64.Build.0 = Release|x64
		{B0EE61B6-5563-4B71-B59D-BA6C0A0CF7A5}.Release|x86.ActiveCfg = Release|Win32
		{B0EE61B6-5563-4B71-B59D-BA6C0A0CF7A5}.Release|x86.Build.0 = Release|Win32
		{1B9A6E33-7801-4D7C-97D1-0D18EE6DD5BF}.Debug|x64.ActiveCfg = Debug|x64
		{1B9A6E33-7801-4D7C-97D1-0D18EE6DD5BF}.Debug|x64.Build.0 = Debug|x64
		{1B9A6E33-7801-4D7C-97D1-0D18EE6DD5BF}.Debug|x86.ActiveCfg = Debug|Win32
		{1B9A6E33-7801-4D7C-97D1-0D18EE6DD5BF}.Debug|x86.Build.0 = Debug|Win32
		{1B9A6E33-7801-4D7C-97D1-0D18EE6DD5BF}.Release|x64.ActiveCfg = Release|x64
		{1B9A6E33-7801-4D7C-97D1-0D18EE6DD5BF}.Release|x64.Build.0 = Release|x64
		{1B9A6E33-7801-4D7C-97D1-0D18EE6DD5BF}.Release|x86.ActiveCfg = Release|Win32
		{1B9A6E33-7801-4D7C-97D1-0D18EE6DD5BF}.Release|x86.Build.0 = Release|Win32
	EndGlobalSection
	GlobalSection(SolutionProperties) = preSolution
		HideSolutionNode = FALSE
	EndGlobalSection
EndGlobal
